
Microsoft Visual Studio Solution File, Format Version 12.00
# Visual Studio 15
VisualStudioVersion = 15.0.28307.902
MinimumVisualStudioVersion = 10.0.40219.1
Project("{FAE04EC0-301F-11D3-BF4B-00C04F79EFBC}") = "ExemploStruct", "ExemploStruct\ExemploStruct.csproj", "{D725A5FD-A98B-4F7D-AC5F-00405814DB63}"
EndProject
Global
	GlobalSection(SolutionConfigurationPlatforms) = preSolution
		Debug|Any CPU = Debug|Any CPU
		Release|Any CPU = Release|Any CPU
	EndGlobalSection
	GlobalSection(ProjectConfigurationPlatforms) = postSolution
		{D725A5FD-A98B-4F7D-AC5F-00405814DB63}.Debug|Any CPU.ActiveCfg = Debug|Any CPU
		{D725A5FD-A98B-4F7D-AC5F-00405814DB63}.Debug|Any CPU.Build.0 = Debug|Any CPU
		{D725A5FD-A98B-4F7D-AC5F-00405814DB63}.Release|Any CPU.ActiveCfg = Release|Any CPU
		{D725A5FD-A98B-4F7D-AC5F-00405814DB63}.Release|Any CPU.Build.0 = Release|Any CPU
	EndGlobalSection
	GlobalSection(SolutionProperties) = preSolution
		HideSolutionNode = FALSE
	EndGlobalSection
	GlobalSection(ExtensibilityGlobals) = postSolution
		SolutionGuid = {DCAD9CD9-F22D-4AD6-815A-7DE275E837D1}
	EndGlobalSection
EndGlobal
